PODS:
  - AwesomeEnum (1.2.0)
  - Modular (1.0.0):
    - SnapKit
  - Presentables (0.6.7)
  - SnapKit (4.0.0)
  - SpecTools (1.0.2)

DEPENDENCIES:
  - AwesomeEnum (~> 1.2.0)
  - Modular (~> 1.0.0)
  - Presentables (~> 0.6.7)
  - SnapKit (~> 4.0.0)
  - SpecTools

SPEC REPOS:
  https://github.com/CocoaPods/Specs.git:
    - AwesomeEnum
    - Modular
    - Presentables
    - SnapKit
    - SpecTools

SPEC CHECKSUMS:
  AwesomeEnum: fe633a08020f92ab57277956c1df4d52fbfa27e0
  Modular: 677f4e99e93b2a2b6e9794d08e2738dec735023f
  Presentables: e20dc46cdb8a83dd8473c584e146c953ac5e9c94
  SnapKit: a42d492c16e80209130a3379f73596c3454b7694
  SpecTools: 77474921254b23ea50bb80f8763214f41d9d63c5

PODFILE CHECKSUM: f271151518144ab4669b2f69b3bd424ea7dd834d

COCOAPODS: 1.5.0
